{
  "lockfileVersion": 1,
  "workspaces": {
    "": {
      "dependencies": {
        "@namestone/namestone-sdk": "^0.2.14",
      },
    },
  },
  "packages": {
    "@namestone/namestone-sdk": ["@namestone/namestone-sdk@0.2.14", "", {}, "sha512-7KKYbFLLJ+GfW8NLlYoB3r3ckCtuG4f52MBtQwTDgBhqC4Ym7E69We7sCLaVLiootc9lFXwM9BQCwWaQaAJAOw=="],
  }
}
